
Microsoft Visual Studio Solution File, Format Version 12.00
# Visual Studio Version 17
VisualStudioVersion = 17.3.32929.385
MinimumVisualStudioVersion = 10.0.40219.1
Project("{FAE04EC0-301F-11D3-BF4B-00C04F79EFBC}") = "Exception-Constructors", "Exception-Constructors.csproj", "{868111F8-8C09-46FF-B0D5-C8816F30C095}"
EndProject
Global
	GlobalSection(SolutionConfigurationPlatforms) = preSolution
		Debug|Any CPU = Debug|Any CPU
		Release|Any CPU = Release|Any CPU
	EndGlobalSection
	GlobalSection(ProjectConfigurationPlatforms) = postSolution
		{868111F8-8C09-46FF-B0D5-C8816F30C095}.Debug|Any CPU.ActiveCfg = Debug|Any CPU
		{868111F8-8C09-46FF-B0D5-C8816F30C095}.Debug|Any CPU.Build.0 = Debug|Any CPU
		{868111F8-8C09-46FF-B0D5-C8816F30C095}.Release|Any CPU.ActiveCfg = Release|Any CPU
		{868111F8-8C09-46FF-B0D5-C8816F30C095}.Release|Any CPU.Build.0 = Release|Any CPU
	EndGlobalSection
	GlobalSection(SolutionProperties) = preSolution
		HideSolutionNode = FALSE
	EndGlobalSection
	GlobalSection(ExtensibilityGlobals) = postSolution
		SolutionGuid = {F5B889A4-2177-46F0-89A8-4F48327A01BB}
	EndGlobalSection
EndGlobal
